PODS:
  - CameraKit-iOS (1.2.1)
  - GestureRecognizerClosures (5.0.0)
  - Koloda (5.0):
    - pop (~> 1.0)
  - PhoneNumberKit (3.0.0):
    - PhoneNumberKit/PhoneNumberKitCore (= 3.0.0)
    - PhoneNumberKit/UIKit (= 3.0.0)
  - PhoneNumberKit/PhoneNumberKitCore (3.0.0)
  - PhoneNumberKit/UIKit (3.0.0):
    - PhoneNumberKit/PhoneNumberKitCore
  - pop (1.0.12)
  - ReactiveSwift (6.1.0)
  - TwilioAccessManager (1.1.2)
  - TwilioChatClient (2.6.3)

DEPENDENCIES:
  - CameraKit-iOS
  - GestureRecognizerClosures
  - Koloda
  - PhoneNumberKit
  - ReactiveSwift
  - TwilioAccessManager
  - TwilioChatClient

SPEC REPOS:
  trunk:
    - CameraKit-iOS
    - GestureRecognizerClosures
    - Koloda
    - PhoneNumberKit
    - pop
    - ReactiveSwift
    - TwilioAccessManager
    - TwilioChatClient

SPEC CHECKSUMS:
  CameraKit-iOS: 7a8aeb4b6ac93c59088ada934efb6010ed2394c1
  GestureRecognizerClosures: 0dcafb45e669e7a775c840383e54b3d16983037b
  Koloda: 75302d21882cc3e274c1561b1155805ea5919dab
  PhoneNumberKit: 86019c972ef6904bcad11b46a6b8a91184d51117
  pop: d582054913807fd11fd50bfe6a539d91c7e1a55a
  ReactiveSwift: b78c7259f8ca46368238c895ae33a6a3bf9f811c
  TwilioAccessManager: f3b0d9edd2eb5a044e50ff78057ab13611a0baa1
  TwilioChatClient: e716b8d60dda9e4d723b4f0839706b630d910357

PODFILE CHECKSUM: 4661fa17f9b8d1a5b149c822f67caae3611c0b7c

COCOAPODS: 1.8.3
