// !$*UTF8*$!
{
	archiveVersion = 1;
	classes = {
	};
	objectVersion = 50;
	objects = {

/* Begin PBXBuildFile section */
		D61EC0C021D3071400204BEE /* AppDelegate.swift in Sources */ = {isa = PBXBuildFile; fileRef = D61EC0BF21D3071400204BEE /* AppDelegate.swift */; };
		D61EC0C221D3071400204BEE /* ViewController.swift in Sources */ = {isa = PBXBuildFile; fileRef = D61EC0C121D3071400204BEE /* ViewController.swift */; };
		D61EC0C521D3071400204BEE /* Main.storyboard in Resources */ = {isa = PBXBuildFile; fileRef = D61EC0C321D3071400204BEE /* Main.storyboard */; };
		D61EC0C721D3071500204BEE /* Assets.xcassets in Resources */ = {isa = PBXBuildFile; fileRef = D61EC0C621D3071500204BEE /* Assets.xcassets */; };
		D61EC0CA21D3071500204BEE /* LaunchScreen.storyboard in Resources */ = {isa = PBXBuildFile; fileRef = D61EC0C821D3071500204BEE /* LaunchScreen.storyboard */; };
		D61EC0D921D30C8E00204BEE /* DispatchQue+Extensions.swift in Sources */ = {isa = PBXBuildFile; fileRef = D61EC0D821D30C8E00204BEE /* DispatchQue+Extensions.swift */; };
		D61EC0DB21D30CB300204BEE /* Dismissable.swift in Sources */ = {isa = PBXBuildFile; fileRef = D61EC0DA21D30CB300204BEE /* Dismissable.swift */; };
		D61EC0DE21D30DAC00204BEE /* Array+Extensions.swift in Sources */ = {isa = PBXBuildFile; fileRef = D61EC0DD21D30DAC00204BEE /* Array+Extensions.swift */; };
		D61EC0E021D30E3F00204BEE /* FullScreenViewController.swift in Sources */ = {isa = PBXBuildFile; fileRef = D61EC0DF21D30E3F00204BEE /* FullScreenViewController.swift */; };
		D61EC0E221D30E6000204BEE /* Label.swift in Sources */ = {isa = PBXBuildFile; fileRef = D61EC0E121D30E6000204BEE /* Label.swift */; };
		D61EC0E421D30E9100204BEE /* TextView.swift in Sources */ = {isa = PBXBuildFile; fileRef = D61EC0E321D30E9100204BEE /* TextView.swift */; };
		D61EC0E621D30EB300204BEE /* View.swift in Sources */ = {isa = PBXBuildFile; fileRef = D61EC0E521D30EB300204BEE /* View.swift */; };
		D61EC0E821D3107A00204BEE /* Date+Extensions.swift in Sources */ = {isa = PBXBuildFile; fileRef = D61EC0E721D3107A00204BEE /* Date+Extensions.swift */; };
		D61EC0EA21D3111600204BEE /* String+Extensions.swift in Sources */ = {isa = PBXBuildFile; fileRef = D61EC0E921D3111600204BEE /* String+Extensions.swift */; };
		D61EC0EC21D312B600204BEE /* UIView+Extensions.swift in Sources */ = {isa = PBXBuildFile; fileRef = D61EC0EB21D312B600204BEE /* UIView+Extensions.swift */; };
		D61EC0EE21D313BA00204BEE /* UIScreen+Extensions.swift in Sources */ = {isa = PBXBuildFile; fileRef = D61EC0ED21D313BA00204BEE /* UIScreen+Extensions.swift */; };
		D61EC0F121D313F500204BEE /* ScreenSize.swift in Sources */ = {isa = PBXBuildFile; fileRef = D61EC0F021D313F500204BEE /* ScreenSize.swift */; };
		D61EC0F321D3146600204BEE /* UINib+Extensions.swift in Sources */ = {isa = PBXBuildFile; fileRef = D61EC0F221D3146600204BEE /* UINib+Extensions.swift */; };
		D61EC0F521D3151400204BEE /* NSAttributedString+Extensions.swift in Sources */ = {isa = PBXBuildFile; fileRef = D61EC0F421D3151400204BEE /* NSAttributedString+Extensions.swift */; };
		D61EC0F721D316F100204BEE /* Color.swift in Sources */ = {isa = PBXBuildFile; fileRef = D61EC0F621D316F100204BEE /* Color.swift */; };
		D61EC0F921D317AB00204BEE /* Theme.swift in Sources */ = {isa = PBXBuildFile; fileRef = D61EC0F821D317AB00204BEE /* Theme.swift */; };
		D61EC0FC21D437C100204BEE /* Pods_Benji.framework in Frameworks */ = {isa = PBXBuildFile; fileRef = D61EC0FB21D437C100204BEE /* Pods_Benji.framework */; settings = {ATTRIBUTES = (Weak, ); }; };
		D6D145F421D5493000CD8CE4 /* CenterViewController.swift in Sources */ = {isa = PBXBuildFile; fileRef = D6D145F321D5493000CD8CE4 /* CenterViewController.swift */; };
		D6D145F921D54A0700CD8CE4 /* RightViewController.swift in Sources */ = {isa = PBXBuildFile; fileRef = D6D145F821D54A0700CD8CE4 /* RightViewController.swift */; };
		D6D145FB21D54A2500CD8CE4 /* LeftViewController.swift in Sources */ = {isa = PBXBuildFile; fileRef = D6D145FA21D54A2500CD8CE4 /* LeftViewController.swift */; };
/* End PBXBuildFile section */

/* Begin PBXFileReference section */
		8D57EE102F30EFF6827543EB /* Pods-Benji.debug.xcconfig */ = {isa = PBXFileReference; includeInIndex = 1; lastKnownFileType = text.xcconfig; name = "Pods-Benji.debug.xcconfig"; path = "Pods/Target Support Files/Pods-Benji/Pods-Benji.debug.xcconfig"; sourceTree = "<group>"; };
		B0D58BAEEF651AA0027FE108 /* Pods_Benji.framework */ = {isa = PBXFileReference; explicitFileType = wrapper.framework; includeInIndex = 0; path = Pods_Benji.framework; sourceTree = BUILT_PRODUCTS_DIR; };
		B8144E2A6499F243C0C3F7C9 /* Pods-Benji.release.xcconfig */ = {isa = PBXFileReference; includeInIndex = 1; lastKnownFileType = text.xcconfig; name = "Pods-Benji.release.xcconfig"; path = "Pods/Target Support Files/Pods-Benji/Pods-Benji.release.xcconfig"; sourceTree = "<group>"; };
		D61EC0BC21D3071400204BEE /* Benji.app */ = {isa = PBXFileReference; explicitFileType = wrapper.application; includeInIndex = 0; path = Benji.app; sourceTree = BUILT_PRODUCTS_DIR; };
		D61EC0BF21D3071400204BEE /* AppDelegate.swift */ = {isa = PBXFileReference; lastKnownFileType = sourcecode.swift; path = AppDelegate.swift; sourceTree = "<group>"; };
		D61EC0C121D3071400204BEE /* ViewController.swift */ = {isa = PBXFileReference; lastKnownFileType = sourcecode.swift; path = ViewController.swift; sourceTree = "<group>"; };
		D61EC0C421D3071400204BEE /* Base */ = {isa = PBXFileReference; lastKnownFileType = file.storyboard; name = Base; path = Base.lproj/Main.storyboard; sourceTree = "<group>"; };
		D61EC0C621D3071500204BEE /* Assets.xcassets */ = {isa = PBXFileReference; lastKnownFileType = folder.assetcatalog; path = Assets.xcassets; sourceTree = "<group>"; };
		D61EC0C921D3071500204BEE /* Base */ = {isa = PBXFileReference; lastKnownFileType = file.storyboard; name = Base; path = Base.lproj/LaunchScreen.storyboard; sourceTree = "<group>"; };
		D61EC0CB21D3071500204BEE /* Info.plist */ = {isa = PBXFileReference; lastKnownFileType = text.plist.xml; path = Info.plist; sourceTree = "<group>"; };
		D61EC0D821D30C8E00204BEE /* DispatchQue+Extensions.swift */ = {isa = PBXFileReference; lastKnownFileType = sourcecode.swift; path = "DispatchQue+Extensions.swift"; sourceTree = "<group>"; };
		D61EC0DA21D30CB300204BEE /* Dismissable.swift */ = {isa = PBXFileReference; lastKnownFileType = sourcecode.swift; path = Dismissable.swift; sourceTree = "<group>"; };
		D61EC0DC21D30CF700204BEE /* Bridging-Header.h */ = {isa = PBXFileReference; lastKnownFileType = sourcecode.c.h; path = "Bridging-Header.h"; sourceTree = "<group>"; };
		D61EC0DD21D30DAC00204BEE /* Array+Extensions.swift */ = {isa = PBXFileReference; lastKnownFileType = sourcecode.swift; path = "Array+Extensions.swift"; sourceTree = "<group>"; };
		D61EC0DF21D30E3F00204BEE /* FullScreenViewController.swift */ = {isa = PBXFileReference; lastKnownFileType = sourcecode.swift; path = FullScreenViewController.swift; sourceTree = "<group>"; };
		D61EC0E121D30E6000204BEE /* Label.swift */ = {isa = PBXFileReference; lastKnownFileType = sourcecode.swift; path = Label.swift; sourceTree = "<group>"; };
		D61EC0E321D30E9100204BEE /* TextView.swift */ = {isa = PBXFileReference; lastKnownFileType = sourcecode.swift; path = TextView.swift; sourceTree = "<group>"; };
		D61EC0E521D30EB300204BEE /* View.swift */ = {isa = PBXFileReference; lastKnownFileType = sourcecode.swift; path = View.swift; sourceTree = "<group>"; };
		D61EC0E721D3107A00204BEE /* Date+Extensions.swift */ = {isa = PBXFileReference; lastKnownFileType = sourcecode.swift; path = "Date+Extensions.swift"; sourceTree = "<group>"; };
		D61EC0E921D3111600204BEE /* String+Extensions.swift */ = {isa = PBXFileReference; lastKnownFileType = sourcecode.swift; path = "String+Extensions.swift"; sourceTree = "<group>"; };
		D61EC0EB21D312B600204BEE /* UIView+Extensions.swift */ = {isa = PBXFileReference; lastKnownFileType = sourcecode.swift; path = "UIView+Extensions.swift"; sourceTree = "<group>"; };
		D61EC0ED21D313BA00204BEE /* UIScreen+Extensions.swift */ = {isa = PBXFileReference; lastKnownFileType = sourcecode.swift; path = "UIScreen+Extensions.swift"; sourceTree = "<group>"; };
		D61EC0F021D313F500204BEE /* ScreenSize.swift */ = {isa = PBXFileReference; lastKnownFileType = sourcecode.swift; path = ScreenSize.swift; sourceTree = "<group>"; };
		D61EC0F221D3146600204BEE /* UINib+Extensions.swift */ = {isa = PBXFileReference; lastKnownFileType = sourcecode.swift; path = "UINib+Extensions.swift"; sourceTree = "<group>"; };
		D61EC0F421D3151400204BEE /* NSAttributedString+Extensions.swift */ = {isa = PBXFileReference; lastKnownFileType = sourcecode.swift; path = "NSAttributedString+Extensions.swift"; sourceTree = "<group>"; };
		D61EC0F621D316F100204BEE /* Color.swift */ = {isa = PBXFileReference; lastKnownFileType = sourcecode.swift; path = Color.swift; sourceTree = "<group>"; };
		D61EC0F821D317AB00204BEE /* Theme.swift */ = {isa = PBXFileReference; lastKnownFileType = sourcecode.swift; path = Theme.swift; sourceTree = "<group>"; };
		D61EC0FB21D437C100204BEE /* Pods_Benji.framework */ = {isa = PBXFileReference; explicitFileType = wrapper.framework; path = Pods_Benji.framework; sourceTree = BUILT_PRODUCTS_DIR; };
		D6D145F321D5493000CD8CE4 /* CenterViewController.swift */ = {isa = PBXFileReference; lastKnownFileType = sourcecode.swift; path = CenterViewController.swift; sourceTree = "<group>"; };
		D6D145F821D54A0700CD8CE4 /* RightViewController.swift */ = {isa = PBXFileReference; lastKnownFileType = sourcecode.swift; path = RightViewController.swift; sourceTree = "<group>"; };
		D6D145FA21D54A2500CD8CE4 /* LeftViewController.swift */ = {isa = PBXFileReference; lastKnownFileType = sourcecode.swift; path = LeftViewController.swift; sourceTree = "<group>"; };
/* End PBXFileReference section */

/* Begin PBXFrameworksBuildPhase section */
		D61EC0B921D3071400204BEE /* Frameworks */ = {
			isa = PBXFrameworksBuildPhase;
			buildActionMask = 2147483647;
			files = (
				D61EC0FC21D437C100204BEE /* Pods_Benji.framework in Frameworks */,
			);
			runOnlyForDeploymentPostprocessing = 0;
		};
/* End PBXFrameworksBuildPhase section */

/* Begin PBXGroup section */
		856FD9BFAD8BA46208226C85 /* Pods */ = {
			isa = PBXGroup;
			children = (
				8D57EE102F30EFF6827543EB /* Pods-Benji.debug.xcconfig */,
				B8144E2A6499F243C0C3F7C9 /* Pods-Benji.release.xcconfig */,
			);
			name = Pods;
			sourceTree = "<group>";
		};
		AB1A79B62F263B1E788E3AB0 /* Frameworks */ = {
			isa = PBXGroup;
			children = (
				D61EC0FB21D437C100204BEE /* Pods_Benji.framework */,
				B0D58BAEEF651AA0027FE108 /* Pods_Benji.framework */,
			);
			name = Frameworks;
			sourceTree = "<group>";
		};
		D61EC0B321D3071400204BEE = {
			isa = PBXGroup;
			children = (
				D61EC0BE21D3071400204BEE /* Source */,
				D61EC0BD21D3071400204BEE /* Products */,
				856FD9BFAD8BA46208226C85 /* Pods */,
				AB1A79B62F263B1E788E3AB0 /* Frameworks */,
			);
			sourceTree = "<group>";
		};
		D61EC0BD21D3071400204BEE /* Products */ = {
			isa = PBXGroup;
			children = (
				D61EC0BC21D3071400204BEE /* Benji.app */,
			);
			name = Products;
			sourceTree = "<group>";
		};
		D61EC0BE21D3071400204BEE /* Source */ = {
			isa = PBXGroup;
			children = (
				D61EC0D621D30C0500204BEE /* API */,
				D61EC0D321D30BBF00204BEE /* App */,
				D61EC0D721D30C1400204BEE /* Extensions */,
				D61EC0D421D30BF100204BEE /* Models */,
				D61EC0D521D30BF900204BEE /* Protocols */,
				D61EC0FA21D3180200204BEE /* Resources */,
				D61EC0D121D30B5700204BEE /* UI */,
				D61EC0DC21D30CF700204BEE /* Bridging-Header.h */,
				D61EC0CB21D3071500204BEE /* Info.plist */,
			);
			path = Source;
			sourceTree = "<group>";
		};
		D61EC0D121D30B5700204BEE /* UI */ = {
			isa = PBXGroup;
			children = (
				D6D145F221D5490500CD8CE4 /* Modals */,
				D6D145F121D548F600CD8CE4 /* Screens */,
				D61EC0C821D3071500204BEE /* LaunchScreen.storyboard */,
				D61EC0C321D3071400204BEE /* Main.storyboard */,
				D61EC0D221D30B8800204BEE /* Base Classes */,
			);
			path = UI;
			sourceTree = "<group>";
		};
		D61EC0D221D30B8800204BEE /* Base Classes */ = {
			isa = PBXGroup;
			children = (
				D61EC0C121D3071400204BEE /* ViewController.swift */,
				D61EC0DF21D30E3F00204BEE /* FullScreenViewController.swift */,
				D61EC0E121D30E6000204BEE /* Label.swift */,
				D61EC0E321D30E9100204BEE /* TextView.swift */,
				D61EC0E521D30EB300204BEE /* View.swift */,
			);
			path = "Base Classes";
			sourceTree = "<group>";
		};
		D61EC0D321D30BBF00204BEE /* App */ = {
			isa = PBXGroup;
			children = (
				D61EC0BF21D3071400204BEE /* AppDelegate.swift */,
				D61EC0F821D317AB00204BEE /* Theme.swift */,
			);
			path = App;
			sourceTree = "<group>";
		};
		D61EC0D421D30BF100204BEE /* Models */ = {
			isa = PBXGroup;
			children = (
				D61EC0EF21D313D900204BEE /* View Models */,
			);
			path = Models;
			sourceTree = "<group>";
		};
		D61EC0D521D30BF900204BEE /* Protocols */ = {
			isa = PBXGroup;
			children = (
				D61EC0DA21D30CB300204BEE /* Dismissable.swift */,
			);
			path = Protocols;
			sourceTree = "<group>";
		};
		D61EC0D621D30C0500204BEE /* API */ = {
			isa = PBXGroup;
			children = (
			);
			path = API;
			sourceTree = "<group>";
		};
		D61EC0D721D30C1400204BEE /* Extensions */ = {
			isa = PBXGroup;
			children = (
				D61EC0D821D30C8E00204BEE /* DispatchQue+Extensions.swift */,
				D61EC0DD21D30DAC00204BEE /* Array+Extensions.swift */,
				D61EC0E721D3107A00204BEE /* Date+Extensions.swift */,
				D61EC0E921D3111600204BEE /* String+Extensions.swift */,
				D61EC0EB21D312B600204BEE /* UIView+Extensions.swift */,
				D61EC0ED21D313BA00204BEE /* UIScreen+Extensions.swift */,
				D61EC0F221D3146600204BEE /* UINib+Extensions.swift */,
				D61EC0F421D3151400204BEE /* NSAttributedString+Extensions.swift */,
			);
			path = Extensions;
			sourceTree = "<group>";
		};
		D61EC0EF21D313D900204BEE /* View Models */ = {
			isa = PBXGroup;
			children = (
				D61EC0F021D313F500204BEE /* ScreenSize.swift */,
				D61EC0F621D316F100204BEE /* Color.swift */,
			);
			path = "View Models";
			sourceTree = "<group>";
		};
		D61EC0FA21D3180200204BEE /* Resources */ = {
			isa = PBXGroup;
			children = (
				D61EC0C621D3071500204BEE /* Assets.xcassets */,
			);
			path = Resources;
			sourceTree = "<group>";
		};
		D6D145F121D548F600CD8CE4 /* Screens */ = {
			isa = PBXGroup;
			children = (
				D6D145F721D549B600CD8CE4 /* Right */,
				D6D145F621D549AC00CD8CE4 /* Left */,
				D6D145F521D549A300CD8CE4 /* Center */,
			);
			path = Screens;
			sourceTree = "<group>";
		};
		D6D145F221D5490500CD8CE4 /* Modals */ = {
			isa = PBXGroup;
			children = (
			);
			path = Modals;
			sourceTree = "<group>";
		};
		D6D145F521D549A300CD8CE4 /* Center */ = {
			isa = PBXGroup;
			children = (
				D6D145F321D5493000CD8CE4 /* CenterViewController.swift */,
			);
			path = Center;
			sourceTree = "<group>";
		};
		D6D145F621D549AC00CD8CE4 /* Left */ = {
			isa = PBXGroup;
			children = (
				D6D145FA21D54A2500CD8CE4 /* LeftViewController.swift */,
			);
			path = Left;
			sourceTree = "<group>";
		};
		D6D145F721D549B600CD8CE4 /* Right */ = {
			isa = PBXGroup;
			children = (
				D6D145F821D54A0700CD8CE4 /* RightViewController.swift */,
			);
			path = Right;
			sourceTree = "<group>";
		};
/* End PBXGroup section */

/* Begin PBXNativeTarget section */
		D61EC0BB21D3071400204BEE /* Benji */ = {
			isa = PBXNativeTarget;
			buildConfigurationList = D61EC0CE21D3071500204BEE /* Build configuration list for PBXNativeTarget "Benji" */;
			buildPhases = (
				30D8572DC83E8E92F5506E42 /* [CP] Check Pods Manifest.lock */,
				D61EC0B821D3071400204BEE /* Sources */,
				D61EC0B921D3071400204BEE /* Frameworks */,
				D61EC0BA21D3071400204BEE /* Resources */,
				2A58D236142EFAA52F248E0B /* [CP] Embed Pods Frameworks */,
			);
			buildRules = (
			);
			dependencies = (
			);
			name = Benji;
			productName = Benji;
			productReference = D61EC0BC21D3071400204BEE /* Benji.app */;
			productType = "com.apple.product-type.application";
		};
/* End PBXNativeTarget section */

/* Begin PBXProject section */
		D61EC0B421D3071400204BEE /* Project object */ = {
			isa = PBXProject;
			attributes = {
				LastSwiftUpdateCheck = 1010;
				LastUpgradeCheck = 1010;
				ORGANIZATIONNAME = "Benjamin Dodgson";
				TargetAttributes = {
					D61EC0BB21D3071400204BEE = {
						CreatedOnToolsVersion = 10.1;
					};
				};
			};
			buildConfigurationList = D61EC0B721D3071400204BEE /* Build configuration list for PBXProject "Benji" */;
			compatibilityVersion = "Xcode 9.3";
			developmentRegion = en;
			hasScannedForEncodings = 0;
			knownRegions = (
				en,
				Base,
			);
			mainGroup = D61EC0B321D3071400204BEE;
			productRefGroup = D61EC0BD21D3071400204BEE /* Products */;
			projectDirPath = "";
			projectRoot = "";
			targets = (
				D61EC0BB21D3071400204BEE /* Benji */,
			);
		};
/* End PBXProject section */

/* Begin PBXResourcesBuildPhase section */
		D61EC0BA21D3071400204BEE /* Resources */ = {
			isa = PBXResourcesBuildPhase;
			buildActionMask = 2147483647;
			files = (
				D61EC0CA21D3071500204BEE /* LaunchScreen.storyboard in Resources */,
				D61EC0C721D3071500204BEE /* Assets.xcassets in Resources */,
				D61EC0C521D3071400204BEE /* Main.storyboard in Resources */,
			);
			runOnlyForDeploymentPostprocessing = 0;
		};
/* End PBXResourcesBuildPhase section */

/* Begin PBXShellScriptBuildPhase section */
		2A58D236142EFAA52F248E0B /* [CP] Embed Pods Frameworks */ = {
			isa = PBXShellScriptBuildPhase;
			buildActionMask = 2147483647;
			files = (
			);
			inputPaths = (
				"${SRCROOT}/Pods/Target Support Files/Pods-Benji/Pods-Benji-frameworks.sh",
				"${BUILT_PRODUCTS_DIR}/Bolts/Bolts.framework",
				"${BUILT_PRODUCTS_DIR}/GestureRecognizerClosures/GestureRecognizerClosures.framework",
				"${BUILT_PRODUCTS_DIR}/Parse/Parse.framework",
				"${BUILT_PRODUCTS_DIR}/PureLayout/PureLayout.framework",
				"${PODS_ROOT}/TwilioAccessManager/TwilioAccessManager.framework",
				"${PODS_ROOT}/TwilioChatClient/TwilioChatClient.framework",
				"${PODS_ROOT}/TwilioChatClient/TwilioChatClient.framework.dSYM",
			);
			name = "[CP] Embed Pods Frameworks";
			outputPaths = (
				"${TARGET_BUILD_DIR}/${FRAMEWORKS_FOLDER_PATH}/Bolts.framework",
				"${TARGET_BUILD_DIR}/${FRAMEWORKS_FOLDER_PATH}/GestureRecognizerClosures.framework",
				"${TARGET_BUILD_DIR}/${FRAMEWORKS_FOLDER_PATH}/Parse.framework",
				"${TARGET_BUILD_DIR}/${FRAMEWORKS_FOLDER_PATH}/PureLayout.framework",
				"${TARGET_BUILD_DIR}/${FRAMEWORKS_FOLDER_PATH}/TwilioAccessManager.framework",
				"${TARGET_BUILD_DIR}/${FRAMEWORKS_FOLDER_PATH}/TwilioChatClient.framework",
				"${DWARF_DSYM_FOLDER_PATH}/TwilioChatClient.framework.dSYM",
			);
			runOnlyForDeploymentPostprocessing = 0;
			shellPath = /bin/sh;
			shellScript = "\"${SRCROOT}/Pods/Target Support Files/Pods-Benji/Pods-Benji-frameworks.sh\"\n";
			showEnvVarsInLog = 0;
		};
		30D8572DC83E8E92F5506E42 /* [CP] Check Pods Manifest.lock */ = {
			isa = PBXShellScriptBuildPhase;
			buildActionMask = 2147483647;
			files = (
			);
			inputPaths = (
				"${PODS_PODFILE_DIR_PATH}/Podfile.lock",
				"${PODS_ROOT}/Manifest.lock",
			);
			name = "[CP] Check Pods Manifest.lock";
			outputPaths = (
				"$(DERIVED_FILE_DIR)/Pods-Benji-checkManifestLockResult.txt",
			);
			runOnlyForDeploymentPostprocessing = 0;
			shellPath = /bin/sh;
			shellScript = "diff \"${PODS_PODFILE_DIR_PATH}/Podfile.lock\" \"${PODS_ROOT}/Manifest.lock\" > /dev/null\nif [ $? != 0 ] ; then\n    # print error to STDERR\n    echo \"error: The sandbox is not in sync with the Podfile.lock. Run 'pod install' or update your CocoaPods installation.\" >&2\n    exit 1\nfi\n# This output is used by Xcode 'outputs' to avoid re-running this script phase.\necho \"SUCCESS\" > \"${SCRIPT_OUTPUT_FILE_0}\"\n";
			showEnvVarsInLog = 0;
		};
/* End PBXShellScriptBuildPhase section */

/* Begin PBXSourcesBuildPhase section */
		D61EC0B821D3071400204BEE /* Sources */ = {
			isa = PBXSourcesBuildPhase;
			buildActionMask = 2147483647;
			files = (
				D61EC0DB21D30CB300204BEE /* Dismissable.swift in Sources */,
				D61EC0F521D3151400204BEE /* NSAttributedString+Extensions.swift in Sources */,
				D61EC0EA21D3111600204BEE /* String+Extensions.swift in Sources */,
				D61EC0E421D30E9100204BEE /* TextView.swift in Sources */,
				D61EC0F721D316F100204BEE /* Color.swift in Sources */,
				D61EC0DE21D30DAC00204BEE /* Array+Extensions.swift in Sources */,
				D61EC0F121D313F500204BEE /* ScreenSize.swift in Sources */,
				D61EC0E821D3107A00204BEE /* Date+Extensions.swift in Sources */,
				D61EC0F921D317AB00204BEE /* Theme.swift in Sources */,
				D61EC0C221D3071400204BEE /* ViewController.swift in Sources */,
				D61EC0EC21D312B600204BEE /* UIView+Extensions.swift in Sources */,
				D61EC0C021D3071400204BEE /* AppDelegate.swift in Sources */,
				D6D145FB21D54A2500CD8CE4 /* LeftViewController.swift in Sources */,
				D61EC0E621D30EB300204BEE /* View.swift in Sources */,
				D61EC0EE21D313BA00204BEE /* UIScreen+Extensions.swift in Sources */,
				D61EC0D921D30C8E00204BEE /* DispatchQue+Extensions.swift in Sources */,
				D61EC0F321D3146600204BEE /* UINib+Extensions.swift in Sources */,
				D6D145F421D5493000CD8CE4 /* CenterViewController.swift in Sources */,
				D6D145F921D54A0700CD8CE4 /* RightViewController.swift in Sources */,
				D61EC0E221D30E6000204BEE /* Label.swift in Sources */,
				D61EC0E021D30E3F00204BEE /* FullScreenViewController.swift in Sources */,
			);
			runOnlyForDeploymentPostprocessing = 0;
		};
/* End PBXSourcesBuildPhase section */

/* Begin PBXVariantGroup section */
		D61EC0C321D3071400204BEE /* Main.storyboard */ = {
			isa = PBXVariantGroup;
			children = (
				D61EC0C421D3071400204BEE /* Base */,
			);
			name = Main.storyboard;
			sourceTree = "<group>";
		};
		D61EC0C821D3071500204BEE /* LaunchScreen.storyboard */ = {
			isa = PBXVariantGroup;
			children = (
				D61EC0C921D3071500204BEE /* Base */,
			);
			name = LaunchScreen.storyboard;
			sourceTree = "<group>";
		};
/* End PBXVariantGroup section */

/* Begin XCBuildConfiguration section */
		D61EC0CC21D3071500204BEE /* Debug */ = {
			isa = XCBuildConfiguration;
			buildSettings = {
				ALWAYS_SEARCH_USER_PATHS = NO;
				CLANG_ANALYZER_NONNULL = YES;
				CLANG_ANALYZER_NUMBER_OBJECT_CONVERSION = YES_AGGRESSIVE;
				CLANG_CXX_LANGUAGE_STANDARD = "gnu++14";
				CLANG_CXX_LIBRARY = "libc++";
				CLANG_ENABLE_MODULES = YES;
				CLANG_ENABLE_OBJC_ARC = YES;
				CLANG_ENABLE_OBJC_WEAK = YES;
				CLANG_WARN_BLOCK_CAPTURE_AUTORELEASING = YES;
				CLANG_WARN_BOOL_CONVERSION = YES;
				CLANG_WARN_COMMA = YES;
				CLANG_WARN_CONSTANT_CONVERSION = YES;
				CLANG_WARN_DEPRECATED_OBJC_IMPLEMENTATIONS = YES;
				CLANG_WARN_DIRECT_OBJC_ISA_USAGE = YES_ERROR;
				CLANG_WARN_DOCUMENTATION_COMMENTS = YES;
				CLANG_WARN_EMPTY_BODY = YES;
				CLANG_WARN_ENUM_CONVERSION = YES;
				CLANG_WARN_INFINITE_RECURSION = YES;
				CLANG_WARN_INT_CONVERSION = YES;
				CLANG_WARN_NON_LITERAL_NULL_CONVERSION = YES;
				CLANG_WARN_OBJC_IMPLICIT_RETAIN_SELF = YES;
				CLANG_WARN_OBJC_LITERAL_CONVERSION = YES;
				CLANG_WARN_OBJC_ROOT_CLASS = YES_ERROR;
				CLANG_WARN_RANGE_LOOP_ANALYSIS = YES;
				CLANG_WARN_STRICT_PROTOTYPES = YES;
				CLANG_WARN_SUSPICIOUS_MOVE = YES;
				CLANG_WARN_UNGUARDED_AVAILABILITY = YES_AGGRESSIVE;
				CLANG_WARN_UNREACHABLE_CODE = YES;
				CLANG_WARN__DUPLICATE_METHOD_MATCH = YES;
				CODE_SIGN_IDENTITY = "iPhone Developer";
				COPY_PHASE_STRIP = NO;
				DEBUG_INFORMATION_FORMAT = dwarf;
				ENABLE_STRICT_OBJC_MSGSEND = YES;
				ENABLE_TESTABILITY = YES;
				GCC_C_LANGUAGE_STANDARD = gnu11;
				GCC_DYNAMIC_NO_PIC = NO;
				GCC_NO_COMMON_BLOCKS = YES;
				GCC_OPTIMIZATION_LEVEL = 0;
				GCC_PREPROCESSOR_DEFINITIONS = (
					"DEBUG=1",
					"$(inherited)",
				);
				GCC_WARN_64_TO_32_BIT_CONVERSION = YES;
				GCC_WARN_ABOUT_RETURN_TYPE = YES_ERROR;
				GCC_WARN_UNDECLARED_SELECTOR = YES;
				GCC_WARN_UNINITIALIZED_AUTOS = YES_AGGRESSIVE;
				GCC_WARN_UNUSED_FUNCTION = YES;
				GCC_WARN_UNUSED_VARIABLE = YES;
				IPHONEOS_DEPLOYMENT_TARGET = 12.1;
				MTL_ENABLE_DEBUG_INFO = INCLUDE_SOURCE;
				MTL_FAST_MATH = YES;
				ONLY_ACTIVE_ARCH = YES;
				SDKROOT = iphoneos;
				SWIFT_ACTIVE_COMPILATION_CONDITIONS = DEBUG;
				SWIFT_OPTIMIZATION_LEVEL = "-Onone";
			};
			name = Debug;
		};
		D61EC0CD21D3071500204BEE /* Release */ = {
			isa = XCBuildConfiguration;
			buildSettings = {
				ALWAYS_SEARCH_USER_PATHS = NO;
				CLANG_ANALYZER_NONNULL = YES;
				CLANG_ANALYZER_NUMBER_OBJECT_CONVERSION = YES_AGGRESSIVE;
				CLANG_CXX_LANGUAGE_STANDARD = "gnu++14";
				CLANG_CXX_LIBRARY = "libc++";
				CLANG_ENABLE_MODULES = YES;
				CLANG_ENABLE_OBJC_ARC = YES;
				CLANG_ENABLE_OBJC_WEAK = YES;
				CLANG_WARN_BLOCK_CAPTURE_AUTORELEASING = YES;
				CLANG_WARN_BOOL_CONVERSION = YES;
				CLANG_WARN_COMMA = YES;
				CLANG_WARN_CONSTANT_CONVERSION = YES;
				CLANG_WARN_DEPRECATED_OBJC_IMPLEMENTATIONS = YES;
				CLANG_WARN_DIRECT_OBJC_ISA_USAGE = YES_ERROR;
				CLANG_WARN_DOCUMENTATION_COMMENTS = YES;
				CLANG_WARN_EMPTY_BODY = YES;
				CLANG_WARN_ENUM_CONVERSION = YES;
				CLANG_WARN_INFINITE_RECURSION = YES;
				CLANG_WARN_INT_CONVERSION = YES;
				CLANG_WARN_NON_LITERAL_NULL_CONVERSION = YES;
				CLANG_WARN_OBJC_IMPLICIT_RETAIN_SELF = YES;
				CLANG_WARN_OBJC_LITERAL_CONVERSION = YES;
				CLANG_WARN_OBJC_ROOT_CLASS = YES_ERROR;
				CLANG_WARN_RANGE_LOOP_ANALYSIS = YES;
				CLANG_WARN_STRICT_PROTOTYPES = YES;
				CLANG_WARN_SUSPICIOUS_MOVE = YES;
				CLANG_WARN_UNGUARDED_AVAILABILITY = YES_AGGRESSIVE;
				CLANG_WARN_UNREACHABLE_CODE = YES;
				CLANG_WARN__DUPLICATE_METHOD_MATCH = YES;
				CODE_SIGN_IDENTITY = "iPhone Developer";
				COPY_PHASE_STRIP = NO;
				DEBUG_INFORMATION_FORMAT = "dwarf-with-dsym";
				ENABLE_NS_ASSERTIONS = NO;
				ENABLE_STRICT_OBJC_MSGSEND = YES;
				GCC_C_LANGUAGE_STANDARD = gnu11;
				GCC_NO_COMMON_BLOCKS = YES;
				GCC_WARN_64_TO_32_BIT_CONVERSION = YES;
				GCC_WARN_ABOUT_RETURN_TYPE = YES_ERROR;
				GCC_WARN_UNDECLARED_SELECTOR = YES;
				GCC_WARN_UNINITIALIZED_AUTOS = YES_AGGRESSIVE;
				GCC_WARN_UNUSED_FUNCTION = YES;
				GCC_WARN_UNUSED_VARIABLE = YES;
				IPHONEOS_DEPLOYMENT_TARGET = 12.1;
				MTL_ENABLE_DEBUG_INFO = NO;
				MTL_FAST_MATH = YES;
				SDKROOT = iphoneos;
				SWIFT_COMPILATION_MODE = wholemodule;
				SWIFT_OPTIMIZATION_LEVEL = "-O";
				VALIDATE_PRODUCT = YES;
			};
			name = Release;
		};
		D61EC0CF21D3071500204BEE /* Debug */ = {
			isa = XCBuildConfiguration;
			baseConfigurationReference = 8D57EE102F30EFF6827543EB /* Pods-Benji.debug.xcconfig */;
			buildSettings = {
				ASSETCATALOG_COMPILER_APPICON_NAME = AppIcon;
				CODE_SIGN_STYLE = Automatic;
				DEVELOPMENT_TEAM = 7KLRW8RU62;
				INFOPLIST_FILE = Source/Info.plist;
				LD_RUNPATH_SEARCH_PATHS = (
					"$(inherited)",
					"@executable_path/Frameworks",
				);
				PRODUCT_BUNDLE_IDENTIFIER = com.Benji.Benji;
				PRODUCT_NAME = "$(TARGET_NAME)";
				SWIFT_OBJC_BRIDGING_HEADER = "/Users/benjamindodgson 1/Desktop/Benji/Source/Bridging-Header.h";
				SWIFT_VERSION = 4.2;
				TARGETED_DEVICE_FAMILY = "1,2";
			};
			name = Debug;
		};
		D61EC0D021D3071500204BEE /* Release */ = {
			isa = XCBuildConfiguration;
			baseConfigurationReference = B8144E2A6499F243C0C3F7C9 /* Pods-Benji.release.xcconfig */;
			buildSettings = {
				ASSETCATALOG_COMPILER_APPICON_NAME = AppIcon;
				CODE_SIGN_STYLE = Automatic;
				DEVELOPMENT_TEAM = 7KLRW8RU62;
				INFOPLIST_FILE = Source/Info.plist;
				LD_RUNPATH_SEARCH_PATHS = (
					"$(inherited)",
					"@executable_path/Frameworks",
				);
				PRODUCT_BUNDLE_IDENTIFIER = com.Benji.Benji;
				PRODUCT_NAME = "$(TARGET_NAME)";
				SWIFT_OBJC_BRIDGING_HEADER = "/Users/benjamindodgson 1/Desktop/Benji/Source/Bridging-Header.h";
				SWIFT_VERSION = 4.2;
				TARGETED_DEVICE_FAMILY = "1,2";
			};
			name = Release;
		};
/* End XCBuildConfiguration section */

/* Begin XCConfigurationList section */
		D61EC0B721D3071400204BEE /* Build configuration list for PBXProject "Benji" */ = {
			isa = XCConfigurationList;
			buildConfigurations = (
				D61EC0CC21D3071500204BEE /* Debug */,
				D61EC0CD21D3071500204BEE /* Release */,
			);
			defaultConfigurationIsVisible = 0;
			defaultConfigurationName = Release;
		};
		D61EC0CE21D3071500204BEE /* Build configuration list for PBXNativeTarget "Benji" */ = {
			isa = XCConfigurationList;
			buildConfigurations = (
				D61EC0CF21D3071500204BEE /* Debug */,
				D61EC0D021D3071500204BEE /* Release */,
			);
			defaultConfigurationIsVisible = 0;
			defaultConfigurationName = Release;
		};
/* End XCConfigurationList section */
	};
	rootObject = D61EC0B421D3071400204BEE /* Project object */;
}
